
Microsoft Visual Studio Solution File, Format Version 12.00
# Visual Studio Version 17
VisualStudioVersion = 17.11.35327.3
MinimumVisualStudioVersion = 10.0.40219.1
Project("{FAE04EC0-301F-11D3-BF4B-00C04F79EFBC}") = "Fuel stations", "Fuel stations\Fuel stations.csproj", "{FD03FDF7-60AE-436F-B6FB-DC490A99739D}"
EndProject
Global
	GlobalSection(SolutionConfigurationPlatforms) = preSolution
		Debug|Any CPU = Debug|Any CPU
		Release|Any CPU = Release|Any CPU
	EndGlobalSection
	GlobalSection(ProjectConfigurationPlatforms) = postSolution
		{FD03FDF7-60AE-436F-B6FB-DC490A99739D}.Debug|Any CPU.ActiveCfg = Debug|Any CPU
		{FD03FDF7-60AE-436F-B6FB-DC490A99739D}.Debug|Any CPU.Build.0 = Debug|Any CPU
		{FD03FDF7-60AE-436F-B6FB-DC490A99739D}.Debug|Any CPU.Deploy.0 = Debug|Any CPU
		{FD03FDF7-60AE-436F-B6FB-DC490A99739D}.Release|Any CPU.ActiveCfg = Release|Any CPU
		{FD03FDF7-60AE-436F-B6FB-DC490A99739D}.Release|Any CPU.Build.0 = Release|Any CPU
		{FD03FDF7-60AE-436F-B6FB-DC490A99739D}.Release|Any CPU.Deploy.0 = Release|Any CPU
	EndGlobalSection
	GlobalSection(SolutionProperties) = preSolution
		HideSolutionNode = FALSE
	EndGlobalSection
	GlobalSection(ExtensibilityGlobals) = postSolution
		SolutionGuid = {3646BF0A-EBEE-4E42-AB22-934BACD851E9}
	EndGlobalSection
EndGlobal
